
Microsoft Visual Studio Solution File, Format Version 12.00
# Visual Studio Version 17
VisualStudioVersion = 17.7.34024.191
MinimumVisualStudioVersion = 10.0.40219.1
Project("{FAE04EC0-301F-11D3-BF4B-00C04F79EFBC}") = "MvcProjeKampi", "MvcProjeKampi\MvcProjeKampi.csproj", "{7CB85FC1-945C-4DE0-B884-CAAF8D6F257A}"
EndProject
Global
	GlobalSection(SolutionConfigurationPlatforms) = preSolution
		Debug|Any CPU = Debug|Any CPU
		Release|Any CPU = Release|Any CPU
	EndGlobalSection
	GlobalSection(ProjectConfigurationPlatforms) = postSolution
		{7CB85FC1-945C-4DE0-B884-CAAF8D6F257A}.Debug|Any CPU.ActiveCfg = Debug|Any CPU
		{7CB85FC1-945C-4DE0-B884-CAAF8D6F257A}.Debug|Any CPU.Build.0 = Debug|Any CPU
		{7CB85FC1-945C-4DE0-B884-CAAF8D6F257A}.Release|Any CPU.ActiveCfg = Release|Any CPU
		{7CB85FC1-945C-4DE0-B884-CAAF8D6F257A}.Release|Any CPU.Build.0 = Release|Any CPU
	EndGlobalSection
	GlobalSection(SolutionProperties) = preSolution
		HideSolutionNode = FALSE
	EndGlobalSection
	GlobalSection(ExtensibilityGlobals) = postSolution
		SolutionGuid = {A8C0A046-92F3-4601-A6AC-E6BF04853706}
	EndGlobalSection
EndGlobal
